
Microsoft Visual Studio Solution File, Format Version 12.00
# Visual Studio Version 17
VisualStudioVersion = 17.0.32002.185
MinimumVisualStudioVersion = 10.0.40219.1
Project("{2150E333-8FDC-42A3-9474-1A3956D46DE8}") = "src", "src", "{3BAF6D77-94E6-4C24-9A63-D7205476389B}"
EndProject
Project("{2150E333-8FDC-42A3-9474-1A3956D46DE8}") = "tests", "tests", "{531B3CB5-19CE-4775-9ED8-66B086208EDB}"
EndProject
Project("{9A19103F-16F7-4668-BE54-9A1E7A4F7556}") = "BlazorApp", "src\BlazorApp\BlazorApp.csproj", "{63D32A29-8112-4140-8169-62F00CDCE511}"
EndProject
Project("{9A19103F-16F7-4668-BE54-9A1E7A4F7556}") = "ApplicationCore", "src\ApplicationCore\ApplicationCore.csproj", "{C0A9BBB3-5122-4231-B264-2A88BAFEB919}"
EndProject
Project("{9A19103F-16F7-4668-BE54-9A1E7A4F7556}") = "Infrastructure", "src\Infrastructure\Infrastructure.csproj", "{C0C5ABD3-EC7E-43D5-8711-8FB9B487A2EE}"
EndProject
Project("{9A19103F-16F7-4668-BE54-9A1E7A4F7556}") = "PublicApi", "src\PublicApi\PublicApi.csproj", "{FCDBE989-8346-40C1-AB1F-4A3DAA0E4089}"
EndProject
Project("{9A19103F-16F7-4668-BE54-9A1E7A4F7556}") = "UnitTests", "tests\UnitTests\UnitTests.csproj", "{CBFC3087-E6AF-49FC-8DAD-B4A27F091B0C}"
EndProject
Project("{9A19103F-16F7-4668-BE54-9A1E7A4F7556}") = "IntegrationTests", "tests\IntegrationTests\IntegrationTests.csproj", "{C6EA00CB-3EF3-488B-BBDE-61DB04A91210}"
EndProject
Global
	GlobalSection(SolutionConfigurationPlatforms) = preSolution
		Debug|Any CPU = Debug|Any CPU
		Release|Any CPU = Release|Any CPU
	EndGlobalSection
	GlobalSection(ProjectConfigurationPlatforms) = postSolution
		{63D32A29-8112-4140-8169-62F00CDCE511}.Debug|Any CPU.ActiveCfg = Debug|Any CPU
		{63D32A29-8112-4140-8169-62F00CDCE511}.Debug|Any CPU.Build.0 = Debug|Any CPU
		{63D32A29-8112-4140-8169-62F00CDCE511}.Release|Any CPU.ActiveCfg = Release|Any CPU
		{63D32A29-8112-4140-8169-62F00CDCE511}.Release|Any CPU.Build.0 = Release|Any CPU
		{C0A9BBB3-5122-4231-B264-2A88BAFEB919}.Debug|Any CPU.ActiveCfg = Debug|Any CPU
		{C0A9BBB3-5122-4231-B264-2A88BAFEB919}.Debug|Any CPU.Build.0 = Debug|Any CPU
		{C0A9BBB3-5122-4231-B264-2A88BAFEB919}.Release|Any CPU.ActiveCfg = Release|Any CPU
		{C0A9BBB3-5122-4231-B264-2A88BAFEB919}.Release|Any CPU.Build.0 = Release|Any CPU
		{C0C5ABD3-EC7E-43D5-8711-8FB9B487A2EE}.Debug|Any CPU.ActiveCfg = Debug|Any CPU
		{C0C5ABD3-EC7E-43D5-8711-8FB9B487A2EE}.Debug|Any CPU.Build.0 = Debug|Any CPU
		{C0C5ABD3-EC7E-43D5-8711-8FB9B487A2EE}.Release|Any CPU.ActiveCfg = Release|Any CPU
		{C0C5ABD3-EC7E-43D5-8711-8FB9B487A2EE}.Release|Any CPU.Build.0 = Release|Any CPU
		{FCDBE989-8346-40C1-AB1F-4A3DAA0E4089}.Debug|Any CPU.ActiveCfg = Debug|Any CPU
		{FCDBE989-8346-40C1-AB1F-4A3DAA0E4089}.Debug|Any CPU.Build.0 = Debug|Any CPU
		{FCDBE989-8346-40C1-AB1F-4A3DAA0E4089}.Release|Any CPU.ActiveCfg = Release|Any CPU
		{FCDBE989-8346-40C1-AB1F-4A3DAA0E4089}.Release|Any CPU.Build.0 = Release|Any CPU
		{CBFC3087-E6AF-49FC-8DAD-B4A27F091B0C}.Debug|Any CPU.ActiveCfg = Debug|Any CPU
		{CBFC3087-E6AF-49FC-8DAD-B4A27F091B0C}.Debug|Any CPU.Build.0 = Debug|Any CPU
		{CBFC3087-E6AF-49FC-8DAD-B4A27F091B0C}.Release|Any CPU.ActiveCfg = Release|Any CPU
		{CBFC3087-E6AF-49FC-8DAD-B4A27F091B0C}.Release|Any CPU.Build.0 = Release|Any CPU
		{C6EA00CB-3EF3-488B-BBDE-61DB04A91210}.Debug|Any CPU.ActiveCfg = Debug|Any CPU
		{C6EA00CB-3EF3-488B-BBDE-61DB04A91210}.Debug|Any CPU.Build.0 = Debug|Any CPU
		{C6EA00CB-3EF3-488B-BBDE-61DB04A91210}.Release|Any CPU.ActiveCfg = Release|Any CPU
		{C6EA00CB-3EF3-488B-BBDE-61DB04A91210}.Release|Any CPU.Build.0 = Release|Any CPU
	EndGlobalSection
	GlobalSection(SolutionProperties) = preSolution
		HideSolutionNode = FALSE
	EndGlobalSection
	GlobalSection(NestedProjects) = preSolution
		{63D32A29-8112-4140-8169-62F00CDCE511} = {3BAF6D77-94E6-4C24-9A63-D7205476389B}
		{C0A9BBB3-5122-4231-B264-2A88BAFEB919} = {3BAF6D77-94E6-4C24-9A63-D7205476389B}
		{C0C5ABD3-EC7E-43D5-8711-8FB9B487A2EE} = {3BAF6D77-94E6-4C24-9A63-D7205476389B}
		{FCDBE989-8346-40C1-AB1F-4A3DAA0E4089} = {3BAF6D77-94E6-4C24-9A63-D7205476389B}
		{CBFC3087-E6AF-49FC-8DAD-B4A27F091B0C} = {531B3CB5-19CE-4775-9ED8-66B086208EDB}
		{C6EA00CB-3EF3-488B-BBDE-61DB04A91210} = {531B3CB5-19CE-4775-9ED8-66B086208EDB}
	EndGlobalSection
	GlobalSection(ExtensibilityGlobals) = postSolution
		SolutionGuid = {FF9C96EA-49E7-431B-83AF-95AF2D293C1E}
	EndGlobalSection
EndGlobal
